
Microsoft Visual Studio Solution File, Format Version 11.00
# Visual Studio 2010
Project("{FAE04EC0-301F-11D3-BF4B-00C04F79EFBC}") = "thegame", "thegame\thegame\thegame.csproj", "{9452B087-94F3-42A1-B264-57B7239A3BC9}"
EndProject
Project("{96E2B04D-8817-42C6-938A-82C39BA4D311}") = "thegameContent", "thegame\thegameContent\thegameContent.contentproj", "{819DE012-9068-4122-805E-80483880A330}"
EndProject
Project("{2150E333-8FDC-42A3-9474-1A3956D46DE8}") = "Solution Items", "Solution Items", "{EF5831EA-0499-4FA7-B95A-704B6CA54710}"
EndProject
Global
	GlobalSection(SolutionConfigurationPlatforms) = preSolution
		Debug|x86 = Debug|x86
		Release|x86 = Release|x86
	EndGlobalSection
	GlobalSection(ProjectConfigurationPlatforms) = postSolution
		{9452B087-94F3-42A1-B264-57B7239A3BC9}.Debug|x86.ActiveCfg = Debug|x86
		{9452B087-94F3-42A1-B264-57B7239A3BC9}.Debug|x86.Build.0 = Debug|x86
		{9452B087-94F3-42A1-B264-57B7239A3BC9}.Release|x86.ActiveCfg = Release|x86
		{9452B087-94F3-42A1-B264-57B7239A3BC9}.Release|x86.Build.0 = Release|x86
		{819DE012-9068-4122-805E-80483880A330}.Debug|x86.ActiveCfg = Debug|x86
		{819DE012-9068-4122-805E-80483880A330}.Release|x86.ActiveCfg = Release|x86
	EndGlobalSection
	GlobalSection(SolutionProperties) = preSolution
		HideSolutionNode = FALSE
	EndGlobalSection
EndGlobal
